
Microsoft Visual Studio Solution File, Format Version 12.00
# Visual Studio Version 17
Project("{8BC9CEB8-8B4A-11D0-8D11-00A0C91BC942}") = "ALL_BUILD", "ALL_BUILD.vcxproj", "{B079639E-9658-3591-A8E3-F13F47586B95}"
	ProjectSection(ProjectDependencies) = postProject
		{CFEAF219-FB19-32DE-8D62-51D892EEB660} = {CFEAF219-FB19-32DE-8D62-51D892EEB660}
		{3CD063E4-BE61-36A1-8518-6C09221486BA} = {3CD063E4-BE61-36A1-8518-6C09221486BA}
	EndProjectSection
EndProject
Project("{8BC9CEB8-8B4A-11D0-8D11-00A0C91BC942}") = "ZERO_CHECK", "ZERO_CHECK.vcxproj", "{CFEAF219-FB19-32DE-8D62-51D892EEB660}"
	ProjectSection(ProjectDependencies) = postProject
	EndProjectSection
EndProject
Project("{8BC9CEB8-8B4A-11D0-8D11-00A0C91BC942}") = "vpn_client", "vpn_client.vcxproj", "{3CD063E4-BE61-36A1-8518-6C09221486BA}"
	ProjectSection(ProjectDependencies) = postProject
		{CFEAF219-FB19-32DE-8D62-51D892EEB660} = {CFEAF219-FB19-32DE-8D62-51D892EEB660}
	EndProjectSection
EndProject
Global
	GlobalSection(SolutionConfigurationPlatforms) = preSolution
		Debug|x64 = Debug|x64
		Release|x64 = Release|x64
		MinSizeRel|x64 = MinSizeRel|x64
		RelWithDebInfo|x64 = RelWithDebInfo|x64
	EndGlobalSection
	GlobalSection(ProjectConfigurationPlatforms) = postSolution
		{B079639E-9658-3591-A8E3-F13F47586B95}.Debug|x64.ActiveCfg = Debug|x64
		{B079639E-9658-3591-A8E3-F13F47586B95}.Release|x64.ActiveCfg = Release|x64
		{B079639E-9658-3591-A8E3-F13F47586B95}.MinSizeRel|x64.ActiveCfg = MinSizeRel|x64
		{B079639E-9658-3591-A8E3-F13F47586B95}.RelWithDebInfo|x64.ActiveCfg = RelWithDebInfo|x64
		{CFEAF219-FB19-32DE-8D62-51D892EEB660}.Debug|x64.ActiveCfg = Debug|x64
		{CFEAF219-FB19-32DE-8D62-51D892EEB660}.Debug|x64.Build.0 = Debug|x64
		{CFEAF219-FB19-32DE-8D62-51D892EEB660}.Release|x64.ActiveCfg = Release|x64
		{CFEAF219-FB19-32DE-8D62-51D892EEB660}.Release|x64.Build.0 = Release|x64
		{CFEAF219-FB19-32DE-8D62-51D892EEB660}.MinSizeRel|x64.ActiveCfg = MinSizeRel|x64
		{CFEAF219-FB19-32DE-8D62-51D892EEB660}.MinSizeRel|x64.Build.0 = MinSizeRel|x64
		{CFEAF219-FB19-32DE-8D62-51D892EEB660}.RelWithDebInfo|x64.ActiveCfg = RelWithDebInfo|x64
		{CFEAF219-FB19-32DE-8D62-51D892EEB660}.RelWithDebInfo|x64.Build.0 = RelWithDebInfo|x64
		{3CD063E4-BE61-36A1-8518-6C09221486BA}.Debug|x64.ActiveCfg = Debug|x64
		{3CD063E4-BE61-36A1-8518-6C09221486BA}.Debug|x64.Build.0 = Debug|x64
		{3CD063E4-BE61-36A1-8518-6C09221486BA}.Release|x64.ActiveCfg = Release|x64
		{3CD063E4-BE61-36A1-8518-6C09221486BA}.Release|x64.Build.0 = Release|x64
		{3CD063E4-BE61-36A1-8518-6C09221486BA}.MinSizeRel|x64.ActiveCfg = MinSizeRel|x64
		{3CD063E4-BE61-36A1-8518-6C09221486BA}.MinSizeRel|x64.Build.0 = MinSizeRel|x64
		{3CD063E4-BE61-36A1-8518-6C09221486BA}.RelWithDebInfo|x64.ActiveCfg = RelWithDebInfo|x64
		{3CD063E4-BE61-36A1-8518-6C09221486BA}.RelWithDebInfo|x64.Build.0 = RelWithDebInfo|x64
	EndGlobalSection
	GlobalSection(ExtensibilityGlobals) = postSolution
		SolutionGuid = {7886F534-47A8-3872-869C-55897E7376DA}
	EndGlobalSection
	GlobalSection(ExtensibilityAddIns) = postSolution
	EndGlobalSection
EndGlobal
